PODS:
  - IQKeyboardManager (6.1.1)
  - Realm (3.7.6):
    - Realm/Headers (= 3.7.6)
  - Realm/Headers (3.7.6)
  - RealmSwift (3.7.6):
    - Realm (= 3.7.6)
  - RxSwift (4.2.0)

DEPENDENCIES:
  - IQKeyboardManager (~> 6.1.1)
  - RealmSwift (~> 3.7.6)
  - RxSwift (~> 4.2)

SPEC REPOS:
  https://github.com/CocoaPods/Specs.git:
    - IQKeyboardManager
    - Realm
    - RealmSwift
    - RxSwift

SPEC CHECKSUMS:
  IQKeyboardManager: 79c57795f5c2408d259d37b9da2ed07efcbb5225
  Realm: 9eaecad54712d6246d08ba34c10f354e4715d7d3
  RealmSwift: 1fe08b4ebaeeaacf17f9ba0343f7b25c9fc31fa6
  RxSwift: 99e10317ddfcc7fbe01356aafd118fde4a0be104

PODFILE CHECKSUM: b5f523d25e0df65cead2db3e8fed2878f4e52c6f

COCOAPODS: 1.5.0
