// !$*UTF8*$!
{
	archiveVersion = 1;
	classes = {
	};
	objectVersion = 50;
	objects = {

/* Begin PBXBuildFile section */
		494919AB6811C976BEF08FAA /* Pods_Task_tracker.framework in Frameworks */ = {isa = PBXBuildFile; fileRef = B98E8CE7BB6C153B08D1C03D /* Pods_Task_tracker.framework */; };
		5860303A9AD2D4BECF6F3F64 /* SetUtil.swift in Sources */ = {isa = PBXBuildFile; fileRef = 58603EEE7D478BE5529B3950 /* SetUtil.swift */; };
		586031E29C789993F1EB5129 /* UserDefaltsKeys.swift in Sources */ = {isa = PBXBuildFile; fileRef = 58603634A139E1B5B3E867B0 /* UserDefaltsKeys.swift */; };
		586033460003B0B1E52099B9 /* ActiveCellTaskCell.swift in Sources */ = {isa = PBXBuildFile; fileRef = 58603AFACD4F96A6BD6BF0E8 /* ActiveCellTaskCell.swift */; };
		586034228C2809FEF5F000C8 /* ActiveTasksConfigurator.swift in Sources */ = {isa = PBXBuildFile; fileRef = 5860304B8BC4EE1CFB211ED7 /* ActiveTasksConfigurator.swift */; };
		5860342AF8D7312528CCF609 /* UITableViewUtil.swift in Sources */ = {isa = PBXBuildFile; fileRef = 58603A23D89A3B2348BB64D1 /* UITableViewUtil.swift */; };
		5860345D6A7C4E9833ECF960 /* UserDefaultsGatewayError.swift in Sources */ = {isa = PBXBuildFile; fileRef = 586038B990718EDC5707E9A2 /* UserDefaultsGatewayError.swift */; };
		586034EC24DC6713E80C53A3 /* BaseUITableViewController.swift in Sources */ = {isa = PBXBuildFile; fileRef = 58603B5EABB2AC6B9D78E9BE /* BaseUITableViewController.swift */; };
		58603507495979CFA646857D /* UIColorUtil.swift in Sources */ = {isa = PBXBuildFile; fileRef = 5860399B3DEAE7653D77F783 /* UIColorUtil.swift */; };
		5860357942C90822B1943264 /* Main.storyboard in Resources */ = {isa = PBXBuildFile; fileRef = 586033D7E0F58E9305D59783 /* Main.storyboard */; };
		586035D1A9E48236BBE70C0E /* UserDefaultsTaskGateway.swift in Sources */ = {isa = PBXBuildFile; fileRef = 58603A233B9FEFA5EB58177A /* UserDefaultsTaskGateway.swift */; };
		586035E2A7583962BDDCE3C7 /* SecondViewController.swift in Sources */ = {isa = PBXBuildFile; fileRef = 58603E873CBC8344F1D6C5CE /* SecondViewController.swift */; };
		58603632AC97AC84D98C4D2B /* RootViewController.swift in Sources */ = {isa = PBXBuildFile; fileRef = 586032259D39B027E868CB43 /* RootViewController.swift */; };
		58603653E0DD3C8F576C58C1 /* Assets.xcassets in Resources */ = {isa = PBXBuildFile; fileRef = 586031C1429BB8C1394F5811 /* Assets.xcassets */; };
		5860374DBFB44363C7A3A915 /* TaskTimerUseCase.swift in Sources */ = {isa = PBXBuildFile; fileRef = 58603AEEA0E6C13AC0BA336F /* TaskTimerUseCase.swift */; };
		5860387ED94C6245DB248A47 /* ArrayUtil.swift in Sources */ = {isa = PBXBuildFile; fileRef = 5860301D2D1648A10195B855 /* ArrayUtil.swift */; };
		586038D190BAF3A791DF748D /* RxUtil.swift in Sources */ = {isa = PBXBuildFile; fileRef = 586036BDEBD729C51EF34C22 /* RxUtil.swift */; };
		586039218B767D6BC3D28B87 /* AppDependencies.swift in Sources */ = {isa = PBXBuildFile; fileRef = 58603B22FC9C491A4189E66B /* AppDependencies.swift */; };
		5860397700ABA581C9068713 /* TimerInfoEntity.swift in Sources */ = {isa = PBXBuildFile; fileRef = 58603EA6F015EB05848DB111 /* TimerInfoEntity.swift */; };
		586039C13C3B7E8173ABD2A7 /* AppDelegate.swift in Sources */ = {isa = PBXBuildFile; fileRef = 58603F18AC98CF44A890B247 /* AppDelegate.swift */; };
		58603AF7414B47CFC60E1A30 /* TaskTimerUseCaseTest.swift in Sources */ = {isa = PBXBuildFile; fileRef = 58603967AA19A3834400774C /* TaskTimerUseCaseTest.swift */; };
		58603BFA70FEC1C3B473BC1A /* TaskGateway.swift in Sources */ = {isa = PBXBuildFile; fileRef = 5860337902FF6AB32662C594 /* TaskGateway.swift */; };
		58603C5CC84C85DFD2845581 /* LaunchScreen.storyboard in Resources */ = {isa = PBXBuildFile; fileRef = 58603423EC872890D90DB28D /* LaunchScreen.storyboard */; };
		58603CCE6BDBB5F100606397 /* ActiveTasksPresenter.swift in Sources */ = {isa = PBXBuildFile; fileRef = 58603A5CADCC5BA4B264FB82 /* ActiveTasksPresenter.swift */; };
		58603D35A5C3600D393EC188 /* ActiveTasksViewController.swift in Sources */ = {isa = PBXBuildFile; fileRef = 58603559F92AEC4B6B5AC9D3 /* ActiveTasksViewController.swift */; };
		58603D5BB35AB78D472959AD /* BaseUserPrefenceGateway.swift in Sources */ = {isa = PBXBuildFile; fileRef = 58603BC24323B6785FDB63B6 /* BaseUserPrefenceGateway.swift */; };
		58603E613E28242371A9C870 /* TaskEntity.swift in Sources */ = {isa = PBXBuildFile; fileRef = 58603CF18D2581582F5C1D38 /* TaskEntity.swift */; };
		58603FA3DC286323F781E511 /* ActiveTasksRouter.swift in Sources */ = {isa = PBXBuildFile; fileRef = 58603A8F2DB4B70ECCE48CC7 /* ActiveTasksRouter.swift */; };
		84F11EB02133541100410205 /* Task_tracker_Tests.swift in Sources */ = {isa = PBXBuildFile; fileRef = 84F11EAF2133541100410205 /* Task_tracker_Tests.swift */; };
		EFB4AFDCDB80135A2A4024CC /* Pods_Task_tracker_Task_tracker_Tests.framework in Frameworks */ = {isa = PBXBuildFile; fileRef = 9C174D9ED687A0FD5A33CC1D /* Pods_Task_tracker_Task_tracker_Tests.framework */; };
/* End PBXBuildFile section */

/* Begin PBXContainerItemProxy section */
		84F11EB22133541100410205 /* PBXContainerItemProxy */ = {
			isa = PBXContainerItemProxy;
			containerPortal = 84F11E8A212F523600410205 /* Project object */;
			proxyType = 1;
			remoteGlobalIDString = 84F11E91212F523600410205;
			remoteInfo = "Task-tracker";
		};
/* End PBXContainerItemProxy section */

/* Begin PBXFileReference section */
		4392E93F1F7132BBB7D6D72C /* Pods-Task-tracker.debug.xcconfig */ = {isa = PBXFileReference; includeInIndex = 1; lastKnownFileType = text.xcconfig; name = "Pods-Task-tracker.debug.xcconfig"; path = "Pods/Target Support Files/Pods-Task-tracker/Pods-Task-tracker.debug.xcconfig"; sourceTree = "<group>"; };
		5860301D2D1648A10195B855 /* ArrayUtil.swift */ = {isa = PBXFileReference; fileEncoding = 4; lastKnownFileType = sourcecode.swift; path = ArrayUtil.swift; sourceTree = "<group>"; };
		5860304B8BC4EE1CFB211ED7 /* ActiveTasksConfigurator.swift */ = {isa = PBXFileReference; fileEncoding = 4; lastKnownFileType = sourcecode.swift; path = ActiveTasksConfigurator.swift; sourceTree = "<group>"; };
		586031C1429BB8C1394F5811 /* Assets.xcassets */ = {isa = PBXFileReference; lastKnownFileType = folder.assetcatalog; path = Assets.xcassets; sourceTree = "<group>"; };
		586032259D39B027E868CB43 /* RootViewController.swift */ = {isa = PBXFileReference; fileEncoding = 4; lastKnownFileType = sourcecode.swift; path = RootViewController.swift; sourceTree = "<group>"; };
		58603236B0D84B502F9A9146 /* Info.plist */ = {isa = PBXFileReference; fileEncoding = 4; lastKnownFileType = text.plist.xml; path = Info.plist; sourceTree = "<group>"; };
		5860337902FF6AB32662C594 /* TaskGateway.swift */ = {isa = PBXFileReference; fileEncoding = 4; lastKnownFileType = sourcecode.swift; path = TaskGateway.swift; sourceTree = "<group>"; };
		586033D7E0F58E9305D59783 /* Main.storyboard */ = {isa = PBXFileReference; lastKnownFileType = file.storyboard; path = Main.storyboard; sourceTree = "<group>"; };
		58603423EC872890D90DB28D /* LaunchScreen.storyboard */ = {isa = PBXFileReference; lastKnownFileType = file.storyboard; path = LaunchScreen.storyboard; sourceTree = "<group>"; };
		58603559F92AEC4B6B5AC9D3 /* ActiveTasksViewController.swift */ = {isa = PBXFileReference; fileEncoding = 4; lastKnownFileType = sourcecode.swift; path = ActiveTasksViewController.swift; sourceTree = "<group>"; };
		58603634A139E1B5B3E867B0 /* UserDefaltsKeys.swift */ = {isa = PBXFileReference; fileEncoding = 4; lastKnownFileType = sourcecode.swift; path = UserDefaltsKeys.swift; sourceTree = "<group>"; };
		586036BDEBD729C51EF34C22 /* RxUtil.swift */ = {isa = PBXFileReference; fileEncoding = 4; lastKnownFileType = sourcecode.swift; path = RxUtil.swift; sourceTree = "<group>"; };
		586038B990718EDC5707E9A2 /* UserDefaultsGatewayError.swift */ = {isa = PBXFileReference; fileEncoding = 4; lastKnownFileType = sourcecode.swift; path = UserDefaultsGatewayError.swift; sourceTree = "<group>"; };
		58603967AA19A3834400774C /* TaskTimerUseCaseTest.swift */ = {isa = PBXFileReference; fileEncoding = 4; lastKnownFileType = sourcecode.swift; path = TaskTimerUseCaseTest.swift; sourceTree = "<group>"; };
		5860399B3DEAE7653D77F783 /* UIColorUtil.swift */ = {isa = PBXFileReference; fileEncoding = 4; lastKnownFileType = sourcecode.swift; path = UIColorUtil.swift; sourceTree = "<group>"; };
		58603A233B9FEFA5EB58177A /* UserDefaultsTaskGateway.swift */ = {isa = PBXFileReference; fileEncoding = 4; lastKnownFileType = sourcecode.swift; path = UserDefaultsTaskGateway.swift; sourceTree = "<group>"; };
		58603A23D89A3B2348BB64D1 /* UITableViewUtil.swift */ = {isa = PBXFileReference; fileEncoding = 4; lastKnownFileType = sourcecode.swift; path = UITableViewUtil.swift; sourceTree = "<group>"; };
		58603A5CADCC5BA4B264FB82 /* ActiveTasksPresenter.swift */ = {isa = PBXFileReference; fileEncoding = 4; lastKnownFileType = sourcecode.swift; path = ActiveTasksPresenter.swift; sourceTree = "<group>"; };
		58603A8F2DB4B70ECCE48CC7 /* ActiveTasksRouter.swift */ = {isa = PBXFileReference; fileEncoding = 4; lastKnownFileType = sourcecode.swift; path = ActiveTasksRouter.swift; sourceTree = "<group>"; };
		58603AEEA0E6C13AC0BA336F /* TaskTimerUseCase.swift */ = {isa = PBXFileReference; fileEncoding = 4; lastKnownFileType = sourcecode.swift; path = TaskTimerUseCase.swift; sourceTree = "<group>"; };
		58603AFACD4F96A6BD6BF0E8 /* ActiveCellTaskCell.swift */ = {isa = PBXFileReference; fileEncoding = 4; lastKnownFileType = sourcecode.swift; path = ActiveCellTaskCell.swift; sourceTree = "<group>"; };
		58603B22FC9C491A4189E66B /* AppDependencies.swift */ = {isa = PBXFileReference; fileEncoding = 4; lastKnownFileType = sourcecode.swift; path = AppDependencies.swift; sourceTree = "<group>"; };
		58603B5EABB2AC6B9D78E9BE /* BaseUITableViewController.swift */ = {isa = PBXFileReference; fileEncoding = 4; lastKnownFileType = sourcecode.swift; path = BaseUITableViewController.swift; sourceTree = "<group>"; };
		58603BC24323B6785FDB63B6 /* BaseUserPrefenceGateway.swift */ = {isa = PBXFileReference; fileEncoding = 4; lastKnownFileType = sourcecode.swift; path = BaseUserPrefenceGateway.swift; sourceTree = "<group>"; };
		58603CF18D2581582F5C1D38 /* TaskEntity.swift */ = {isa = PBXFileReference; fileEncoding = 4; lastKnownFileType = sourcecode.swift; path = TaskEntity.swift; sourceTree = "<group>"; };
		58603E873CBC8344F1D6C5CE /* SecondViewController.swift */ = {isa = PBXFileReference; fileEncoding = 4; lastKnownFileType = sourcecode.swift; path = SecondViewController.swift; sourceTree = "<group>"; };
		58603EA6F015EB05848DB111 /* TimerInfoEntity.swift */ = {isa = PBXFileReference; fileEncoding = 4; lastKnownFileType = sourcecode.swift; path = TimerInfoEntity.swift; sourceTree = "<group>"; };
		58603EEE7D478BE5529B3950 /* SetUtil.swift */ = {isa = PBXFileReference; fileEncoding = 4; lastKnownFileType = sourcecode.swift; path = SetUtil.swift; sourceTree = "<group>"; };
		58603F18AC98CF44A890B247 /* AppDelegate.swift */ = {isa = PBXFileReference; fileEncoding = 4; lastKnownFileType = sourcecode.swift; path = AppDelegate.swift; sourceTree = "<group>"; };
		68A55291860D2E7F3278BC1E /* Pods-Task-tracker-Task-tracker Tests.debug.xcconfig */ = {isa = PBXFileReference; includeInIndex = 1; lastKnownFileType = text.xcconfig; name = "Pods-Task-tracker-Task-tracker Tests.debug.xcconfig"; path = "Pods/Target Support Files/Pods-Task-tracker-Task-tracker Tests/Pods-Task-tracker-Task-tracker Tests.debug.xcconfig"; sourceTree = "<group>"; };
		84F11E92212F523600410205 /* Task-tracker.app */ = {isa = PBXFileReference; explicitFileType = wrapper.application; includeInIndex = 0; path = "Task-tracker.app"; sourceTree = BUILT_PRODUCTS_DIR; };
		84F11EAD2133541100410205 /* Task-tracker Tests.xctest */ = {isa = PBXFileReference; explicitFileType = wrapper.cfbundle; includeInIndex = 0; path = "Task-tracker Tests.xctest"; sourceTree = BUILT_PRODUCTS_DIR; };
		84F11EAF2133541100410205 /* Task_tracker_Tests.swift */ = {isa = PBXFileReference; lastKnownFileType = sourcecode.swift; path = Task_tracker_Tests.swift; sourceTree = "<group>"; };
		84F11EB12133541100410205 /* Info.plist */ = {isa = PBXFileReference; lastKnownFileType = text.plist.xml; path = Info.plist; sourceTree = "<group>"; };
		9C174D9ED687A0FD5A33CC1D /* Pods_Task_tracker_Task_tracker_Tests.framework */ = {isa = PBXFileReference; explicitFileType = wrapper.framework; includeInIndex = 0; path = Pods_Task_tracker_Task_tracker_Tests.framework; sourceTree = BUILT_PRODUCTS_DIR; };
		B2B5D94BD9C0D22FD0635AFB /* Pods-Task-tracker.release.xcconfig */ = {isa = PBXFileReference; includeInIndex = 1; lastKnownFileType = text.xcconfig; name = "Pods-Task-tracker.release.xcconfig"; path = "Pods/Target Support Files/Pods-Task-tracker/Pods-Task-tracker.release.xcconfig"; sourceTree = "<group>"; };
		B98E8CE7BB6C153B08D1C03D /* Pods_Task_tracker.framework */ = {isa = PBXFileReference; explicitFileType = wrapper.framework; includeInIndex = 0; path = Pods_Task_tracker.framework; sourceTree = BUILT_PRODUCTS_DIR; };
		EC9FF22C461EA7C80A495649 /* Pods-Task-tracker-Task-tracker Tests.release.xcconfig */ = {isa = PBXFileReference; includeInIndex = 1; lastKnownFileType = text.xcconfig; name = "Pods-Task-tracker-Task-tracker Tests.release.xcconfig"; path = "Pods/Target Support Files/Pods-Task-tracker-Task-tracker Tests/Pods-Task-tracker-Task-tracker Tests.release.xcconfig"; sourceTree = "<group>"; };
/* End PBXFileReference section */

/* Begin PBXFrameworksBuildPhase section */
		84F11E8F212F523600410205 /* Frameworks */ = {
			isa = PBXFrameworksBuildPhase;
			buildActionMask = 2147483647;
			files = (
				494919AB6811C976BEF08FAA /* Pods_Task_tracker.framework in Frameworks */,
			);
			runOnlyForDeploymentPostprocessing = 0;
		};
		84F11EAA2133541100410205 /* Frameworks */ = {
			isa = PBXFrameworksBuildPhase;
			buildActionMask = 2147483647;
			files = (
				EFB4AFDCDB80135A2A4024CC /* Pods_Task_tracker_Task_tracker_Tests.framework in Frameworks */,
			);
			runOnlyForDeploymentPostprocessing = 0;
		};
/* End PBXFrameworksBuildPhase section */

/* Begin PBXGroup section */
		5860301EC68FD6C9161C7899 /* UseCase */ = {
			isa = PBXGroup;
			children = (
				58603AEEA0E6C13AC0BA336F /* TaskTimerUseCase.swift */,
			);
			path = UseCase;
			sourceTree = "<group>";
		};
		58603083509AD0B651207399 /* Src */ = {
			isa = PBXGroup;
			children = (
				586033FD90374F68D62B559F /* Core */,
				58603EF13C2E8EAA603362E9 /* Gateway */,
				58603D94BAAD82A9F8FC1EF4 /* App */,
				58603378CC15F1F0BDDBC42B /* CommonUtil */,
			);
			path = Src;
			sourceTree = "<group>";
		};
		586030B2A3E4964BFD36697F /* Gateway */ = {
			isa = PBXGroup;
			children = (
				5860337902FF6AB32662C594 /* TaskGateway.swift */,
			);
			path = Gateway;
			sourceTree = "<group>";
		};
		58603378CC15F1F0BDDBC42B /* CommonUtil */ = {
			isa = PBXGroup;
			children = (
				586036BDEBD729C51EF34C22 /* RxUtil.swift */,
				5860301D2D1648A10195B855 /* ArrayUtil.swift */,
				58603EEE7D478BE5529B3950 /* SetUtil.swift */,
			);
			path = CommonUtil;
			sourceTree = "<group>";
		};
		5860339C0F88E166CE82938B /* Scene */ = {
			isa = PBXGroup;
			children = (
				586038ACD2F0C740F2C065FB /* Root */,
				5860370337D4E21BB4534CD2 /* ActiveTasks */,
				58603C33EE3BB41C036AD9E3 /* SecondTab */,
				586035DBA1A26A175AAFBF87 /* Base */,
			);
			path = Scene;
			sourceTree = "<group>";
		};
		586033FD90374F68D62B559F /* Core */ = {
			isa = PBXGroup;
			children = (
				586037F0913266E396EB1AE5 /* Entity */,
				586030B2A3E4964BFD36697F /* Gateway */,
				5860301EC68FD6C9161C7899 /* UseCase */,
			);
			path = Core;
			sourceTree = "<group>";
		};
		5860355F634951008BFA9393 /* Util */ = {
			isa = PBXGroup;
			children = (
				5860399B3DEAE7653D77F783 /* UIColorUtil.swift */,
				58603A23D89A3B2348BB64D1 /* UITableViewUtil.swift */,
			);
			path = Util;
			sourceTree = "<group>";
		};
		586035DBA1A26A175AAFBF87 /* Base */ = {
			isa = PBXGroup;
			children = (
				58603B5EABB2AC6B9D78E9BE /* BaseUITableViewController.swift */,
			);
			path = Base;
			sourceTree = "<group>";
		};
		5860370337D4E21BB4534CD2 /* ActiveTasks */ = {
			isa = PBXGroup;
			children = (
				58603559F92AEC4B6B5AC9D3 /* ActiveTasksViewController.swift */,
				5860304B8BC4EE1CFB211ED7 /* ActiveTasksConfigurator.swift */,
				58603A8F2DB4B70ECCE48CC7 /* ActiveTasksRouter.swift */,
				58603A5CADCC5BA4B264FB82 /* ActiveTasksPresenter.swift */,
				58603AFACD4F96A6BD6BF0E8 /* ActiveCellTaskCell.swift */,
			);
			path = ActiveTasks;
			sourceTree = "<group>";
		};
		586037F0913266E396EB1AE5 /* Entity */ = {
			isa = PBXGroup;
			children = (
				58603CF18D2581582F5C1D38 /* TaskEntity.swift */,
				58603EA6F015EB05848DB111 /* TimerInfoEntity.swift */,
			);
			path = Entity;
			sourceTree = "<group>";
		};
		586038ACD2F0C740F2C065FB /* Root */ = {
			isa = PBXGroup;
			children = (
				586032259D39B027E868CB43 /* RootViewController.swift */,
			);
			path = Root;
			sourceTree = "<group>";
		};
		586039000FAC6682DDA9D417 /* Resources */ = {
			isa = PBXGroup;
			children = (
				586031C1429BB8C1394F5811 /* Assets.xcassets */,
				58603423EC872890D90DB28D /* LaunchScreen.storyboard */,
				586033D7E0F58E9305D59783 /* Main.storyboard */,
			);
			path = Resources;
			sourceTree = "<group>";
		};
		58603BABD4D26B8D0B72989C /* UserDefaults */ = {
			isa = PBXGroup;
			children = (
				58603BC24323B6785FDB63B6 /* BaseUserPrefenceGateway.swift */,
				58603634A139E1B5B3E867B0 /* UserDefaltsKeys.swift */,
				58603BBEEB71D193B8334823 /* Gateway */,
				586038B990718EDC5707E9A2 /* UserDefaultsGatewayError.swift */,
			);
			path = UserDefaults;
			sourceTree = "<group>";
		};
		58603BBEEB71D193B8334823 /* Gateway */ = {
			isa = PBXGroup;
			children = (
				58603A233B9FEFA5EB58177A /* UserDefaultsTaskGateway.swift */,
			);
			path = Gateway;
			sourceTree = "<group>";
		};
		58603C33EE3BB41C036AD9E3 /* SecondTab */ = {
			isa = PBXGroup;
			children = (
				58603E873CBC8344F1D6C5CE /* SecondViewController.swift */,
			);
			path = SecondTab;
			sourceTree = "<group>";
		};
		58603D94BAAD82A9F8FC1EF4 /* App */ = {
			isa = PBXGroup;
			children = (
				5860339C0F88E166CE82938B /* Scene */,
				5860355F634951008BFA9393 /* Util */,
				58603B22FC9C491A4189E66B /* AppDependencies.swift */,
				58603F18AC98CF44A890B247 /* AppDelegate.swift */,
			);
			path = App;
			sourceTree = "<group>";
		};
		58603EF13C2E8EAA603362E9 /* Gateway */ = {
			isa = PBXGroup;
			children = (
				58603BABD4D26B8D0B72989C /* UserDefaults */,
			);
			path = Gateway;
			sourceTree = "<group>";
		};
		84F11E89212F523600410205 = {
			isa = PBXGroup;
			children = (
				84F11E94212F523600410205 /* Task-tracker */,
				84F11EAE2133541100410205 /* Task-tracker Tests */,
				84F11E93212F523600410205 /* Products */,
				E74ADCC8E56872E6AAA15611 /* Pods */,
				F78BD9DCA8D97B07D843AA0B /* Frameworks */,
			);
			sourceTree = "<group>";
		};
		84F11E93212F523600410205 /* Products */ = {
			isa = PBXGroup;
			children = (
				84F11E92212F523600410205 /* Task-tracker.app */,
				84F11EAD2133541100410205 /* Task-tracker Tests.xctest */,
			);
			name = Products;
			sourceTree = "<group>";
		};
		84F11E94212F523600410205 /* Task-tracker */ = {
			isa = PBXGroup;
			children = (
				58603236B0D84B502F9A9146 /* Info.plist */,
				58603083509AD0B651207399 /* Src */,
				586039000FAC6682DDA9D417 /* Resources */,
			);
			path = "Task-tracker";
			sourceTree = "<group>";
		};
		84F11EAE2133541100410205 /* Task-tracker Tests */ = {
			isa = PBXGroup;
			children = (
				84F11EAF2133541100410205 /* Task_tracker_Tests.swift */,
				84F11EB12133541100410205 /* Info.plist */,
				58603967AA19A3834400774C /* TaskTimerUseCaseTest.swift */,
			);
			path = "Task-tracker Tests";
			sourceTree = "<group>";
		};
		E74ADCC8E56872E6AAA15611 /* Pods */ = {
			isa = PBXGroup;
			children = (
				4392E93F1F7132BBB7D6D72C /* Pods-Task-tracker.debug.xcconfig */,
				B2B5D94BD9C0D22FD0635AFB /* Pods-Task-tracker.release.xcconfig */,
				68A55291860D2E7F3278BC1E /* Pods-Task-tracker-Task-tracker Tests.debug.xcconfig */,
				EC9FF22C461EA7C80A495649 /* Pods-Task-tracker-Task-tracker Tests.release.xcconfig */,
			);
			name = Pods;
			sourceTree = "<group>";
		};
		F78BD9DCA8D97B07D843AA0B /* Frameworks */ = {
			isa = PBXGroup;
			children = (
				B98E8CE7BB6C153B08D1C03D /* Pods_Task_tracker.framework */,
				9C174D9ED687A0FD5A33CC1D /* Pods_Task_tracker_Task_tracker_Tests.framework */,
			);
			name = Frameworks;
			sourceTree = "<group>";
		};
/* End PBXGroup section */

/* Begin PBXNativeTarget section */
		84F11E91212F523600410205 /* Task-tracker */ = {
			isa = PBXNativeTarget;
			buildConfigurationList = 84F11EA6212F523700410205 /* Build configuration list for PBXNativeTarget "Task-tracker" */;
			buildPhases = (
				5AE21B5252DA2D002EECDCB8 /* [CP] Check Pods Manifest.lock */,
				84F11E8E212F523600410205 /* Sources */,
				84F11E8F212F523600410205 /* Frameworks */,
				84F11E90212F523600410205 /* Resources */,
				9FA2751E1BDD80412EE1DB51 /* [CP] Embed Pods Frameworks */,
			);
			buildRules = (
			);
			dependencies = (
			);
			name = "Task-tracker";
			productName = "Task-tracker";
			productReference = 84F11E92212F523600410205 /* Task-tracker.app */;
			productType = "com.apple.product-type.application";
		};
		84F11EAC2133541100410205 /* Task-tracker Tests */ = {
			isa = PBXNativeTarget;
			buildConfigurationList = 84F11EB62133541100410205 /* Build configuration list for PBXNativeTarget "Task-tracker Tests" */;
			buildPhases = (
				D96AE38E14639E9731A8743E /* [CP] Check Pods Manifest.lock */,
				84F11EA92133541100410205 /* Sources */,
				84F11EAA2133541100410205 /* Frameworks */,
				84F11EAB2133541100410205 /* Resources */,
				13CA15735CE2BA154B6B360E /* [CP] Embed Pods Frameworks */,
			);
			buildRules = (
			);
			dependencies = (
				84F11EB32133541100410205 /* PBXTargetDependency */,
			);
			name = "Task-tracker Tests";
			productName = "Task-tracker Tests";
			productReference = 84F11EAD2133541100410205 /* Task-tracker Tests.xctest */;
			productType = "com.apple.product-type.bundle.unit-test";
		};
/* End PBXNativeTarget section */

/* Begin PBXProject section */
		84F11E8A212F523600410205 /* Project object */ = {
			isa = PBXProject;
			attributes = {
				LastSwiftUpdateCheck = 0940;
				LastUpgradeCheck = 0940;
				ORGANIZATIONNAME = "Slava Kornienko";
				TargetAttributes = {
					84F11E91212F523600410205 = {
						CreatedOnToolsVersion = 9.4.1;
					};
					84F11EAC2133541100410205 = {
						CreatedOnToolsVersion = 9.4.1;
						TestTargetID = 84F11E91212F523600410205;
					};
				};
			};
			buildConfigurationList = 84F11E8D212F523600410205 /* Build configuration list for PBXProject "Task-tracker" */;
			compatibilityVersion = "Xcode 9.3";
			developmentRegion = en;
			hasScannedForEncodings = 0;
			knownRegions = (
				en,
				Base,
			);
			mainGroup = 84F11E89212F523600410205;
			productRefGroup = 84F11E93212F523600410205 /* Products */;
			projectDirPath = "";
			projectRoot = "";
			targets = (
				84F11E91212F523600410205 /* Task-tracker */,
				84F11EAC2133541100410205 /* Task-tracker Tests */,
			);
		};
/* End PBXProject section */

/* Begin PBXResourcesBuildPhase section */
		84F11E90212F523600410205 /* Resources */ = {
			isa = PBXResourcesBuildPhase;
			buildActionMask = 2147483647;
			files = (
				58603653E0DD3C8F576C58C1 /* Assets.xcassets in Resources */,
				58603C5CC84C85DFD2845581 /* LaunchScreen.storyboard in Resources */,
				5860357942C90822B1943264 /* Main.storyboard in Resources */,
			);
			runOnlyForDeploymentPostprocessing = 0;
		};
		84F11EAB2133541100410205 /* Resources */ = {
			isa = PBXResourcesBuildPhase;
			buildActionMask = 2147483647;
			files = (
			);
			runOnlyForDeploymentPostprocessing = 0;
		};
/* End PBXResourcesBuildPhase section */

/* Begin PBXShellScriptBuildPhase section */
		13CA15735CE2BA154B6B360E /* [CP] Embed Pods Frameworks */ = {
			isa = PBXShellScriptBuildPhase;
			buildActionMask = 2147483647;
			files = (
			);
			inputPaths = (
				"${SRCROOT}/Pods/Target Support Files/Pods-Task-tracker-Task-tracker Tests/Pods-Task-tracker-Task-tracker Tests-frameworks.sh",
				"${BUILT_PRODUCTS_DIR}/DITranquillity/DITranquillity.framework",
				"${BUILT_PRODUCTS_DIR}/IQKeyboardManager/IQKeyboardManager.framework",
				"${BUILT_PRODUCTS_DIR}/Realm/Realm.framework",
				"${BUILT_PRODUCTS_DIR}/RealmSwift/RealmSwift.framework",
				"${BUILT_PRODUCTS_DIR}/RxSwift/RxSwift.framework",
				"${BUILT_PRODUCTS_DIR}/SwiftLazy/SwiftLazy.framework",
			);
			name = "[CP] Embed Pods Frameworks";
			outputPaths = (
				"${TARGET_BUILD_DIR}/${FRAMEWORKS_FOLDER_PATH}/DITranquillity.framework",
				"${TARGET_BUILD_DIR}/${FRAMEWORKS_FOLDER_PATH}/IQKeyboardManager.framework",
				"${TARGET_BUILD_DIR}/${FRAMEWORKS_FOLDER_PATH}/Realm.framework",
				"${TARGET_BUILD_DIR}/${FRAMEWORKS_FOLDER_PATH}/RealmSwift.framework",
				"${TARGET_BUILD_DIR}/${FRAMEWORKS_FOLDER_PATH}/RxSwift.framework",
				"${TARGET_BUILD_DIR}/${FRAMEWORKS_FOLDER_PATH}/SwiftLazy.framework",
			);
			runOnlyForDeploymentPostprocessing = 0;
			shellPath = /bin/sh;
			shellScript = "\"${SRCROOT}/Pods/Target Support Files/Pods-Task-tracker-Task-tracker Tests/Pods-Task-tracker-Task-tracker Tests-frameworks.sh\"\n";
			showEnvVarsInLog = 0;
		};
		5AE21B5252DA2D002EECDCB8 /* [CP] Check Pods Manifest.lock */ = {
			isa = PBXShellScriptBuildPhase;
			buildActionMask = 2147483647;
			files = (
			);
			inputPaths = (
				"${PODS_PODFILE_DIR_PATH}/Podfile.lock",
				"${PODS_ROOT}/Manifest.lock",
			);
			name = "[CP] Check Pods Manifest.lock";
			outputPaths = (
				"$(DERIVED_FILE_DIR)/Pods-Task-tracker-checkManifestLockResult.txt",
			);
			runOnlyForDeploymentPostprocessing = 0;
			shellPath = /bin/sh;
			shellScript = "diff \"${PODS_PODFILE_DIR_PATH}/Podfile.lock\" \"${PODS_ROOT}/Manifest.lock\" > /dev/null\nif [ $? != 0 ] ; then\n    # print error to STDERR\n    echo \"error: The sandbox is not in sync with the Podfile.lock. Run 'pod install' or update your CocoaPods installation.\" >&2\n    exit 1\nfi\n# This output is used by Xcode 'outputs' to avoid re-running this script phase.\necho \"SUCCESS\" > \"${SCRIPT_OUTPUT_FILE_0}\"\n";
			showEnvVarsInLog = 0;
		};
		9FA2751E1BDD80412EE1DB51 /* [CP] Embed Pods Frameworks */ = {
			isa = PBXShellScriptBuildPhase;
			buildActionMask = 2147483647;
			files = (
			);
			inputPaths = (
				"${SRCROOT}/Pods/Target Support Files/Pods-Task-tracker/Pods-Task-tracker-frameworks.sh",
				"${BUILT_PRODUCTS_DIR}/DITranquillity/DITranquillity.framework",
				"${BUILT_PRODUCTS_DIR}/IQKeyboardManager/IQKeyboardManager.framework",
				"${BUILT_PRODUCTS_DIR}/Realm/Realm.framework",
				"${BUILT_PRODUCTS_DIR}/RealmSwift/RealmSwift.framework",
				"${BUILT_PRODUCTS_DIR}/RxSwift/RxSwift.framework",
				"${BUILT_PRODUCTS_DIR}/SwiftLazy/SwiftLazy.framework",
			);
			name = "[CP] Embed Pods Frameworks";
			outputPaths = (
				"${TARGET_BUILD_DIR}/${FRAMEWORKS_FOLDER_PATH}/DITranquillity.framework",
				"${TARGET_BUILD_DIR}/${FRAMEWORKS_FOLDER_PATH}/IQKeyboardManager.framework",
				"${TARGET_BUILD_DIR}/${FRAMEWORKS_FOLDER_PATH}/Realm.framework",
				"${TARGET_BUILD_DIR}/${FRAMEWORKS_FOLDER_PATH}/RealmSwift.framework",
				"${TARGET_BUILD_DIR}/${FRAMEWORKS_FOLDER_PATH}/RxSwift.framework",
				"${TARGET_BUILD_DIR}/${FRAMEWORKS_FOLDER_PATH}/SwiftLazy.framework",
			);
			runOnlyForDeploymentPostprocessing = 0;
			shellPath = /bin/sh;
			shellScript = "\"${SRCROOT}/Pods/Target Support Files/Pods-Task-tracker/Pods-Task-tracker-frameworks.sh\"\n";
			showEnvVarsInLog = 0;
		};
		D96AE38E14639E9731A8743E /* [CP] Check Pods Manifest.lock */ = {
			isa = PBXShellScriptBuildPhase;
			buildActionMask = 2147483647;
			files = (
			);
			inputPaths = (
				"${PODS_PODFILE_DIR_PATH}/Podfile.lock",
				"${PODS_ROOT}/Manifest.lock",
			);
			name = "[CP] Check Pods Manifest.lock";
			outputPaths = (
				"$(DERIVED_FILE_DIR)/Pods-Task-tracker-Task-tracker Tests-checkManifestLockResult.txt",
			);
			runOnlyForDeploymentPostprocessing = 0;
			shellPath = /bin/sh;
			shellScript = "diff \"${PODS_PODFILE_DIR_PATH}/Podfile.lock\" \"${PODS_ROOT}/Manifest.lock\" > /dev/null\nif [ $? != 0 ] ; then\n    # print error to STDERR\n    echo \"error: The sandbox is not in sync with the Podfile.lock. Run 'pod install' or update your CocoaPods installation.\" >&2\n    exit 1\nfi\n# This output is used by Xcode 'outputs' to avoid re-running this script phase.\necho \"SUCCESS\" > \"${SCRIPT_OUTPUT_FILE_0}\"\n";
			showEnvVarsInLog = 0;
		};
/* End PBXShellScriptBuildPhase section */

/* Begin PBXSourcesBuildPhase section */
		84F11E8E212F523600410205 /* Sources */ = {
			isa = PBXSourcesBuildPhase;
			buildActionMask = 2147483647;
			files = (
				58603632AC97AC84D98C4D2B /* RootViewController.swift in Sources */,
				58603D35A5C3600D393EC188 /* ActiveTasksViewController.swift in Sources */,
				586035E2A7583962BDDCE3C7 /* SecondViewController.swift in Sources */,
				586034228C2809FEF5F000C8 /* ActiveTasksConfigurator.swift in Sources */,
				58603FA3DC286323F781E511 /* ActiveTasksRouter.swift in Sources */,
				58603CCE6BDBB5F100606397 /* ActiveTasksPresenter.swift in Sources */,
				58603E613E28242371A9C870 /* TaskEntity.swift in Sources */,
				58603BFA70FEC1C3B473BC1A /* TaskGateway.swift in Sources */,
				58603D5BB35AB78D472959AD /* BaseUserPrefenceGateway.swift in Sources */,
				58603507495979CFA646857D /* UIColorUtil.swift in Sources */,
				586039218B767D6BC3D28B87 /* AppDependencies.swift in Sources */,
				586039C13C3B7E8173ABD2A7 /* AppDelegate.swift in Sources */,
				5860342AF8D7312528CCF609 /* UITableViewUtil.swift in Sources */,
				586034EC24DC6713E80C53A3 /* BaseUITableViewController.swift in Sources */,
				586033460003B0B1E52099B9 /* ActiveCellTaskCell.swift in Sources */,
				5860374DBFB44363C7A3A915 /* TaskTimerUseCase.swift in Sources */,
				5860397700ABA581C9068713 /* TimerInfoEntity.swift in Sources */,
				586038D190BAF3A791DF748D /* RxUtil.swift in Sources */,
				586031E29C789993F1EB5129 /* UserDefaltsKeys.swift in Sources */,
				586035D1A9E48236BBE70C0E /* UserDefaultsTaskGateway.swift in Sources */,
				5860345D6A7C4E9833ECF960 /* UserDefaultsGatewayError.swift in Sources */,
				5860387ED94C6245DB248A47 /* ArrayUtil.swift in Sources */,
				5860303A9AD2D4BECF6F3F64 /* SetUtil.swift in Sources */,
			);
			runOnlyForDeploymentPostprocessing = 0;
		};
		84F11EA92133541100410205 /* Sources */ = {
			isa = PBXSourcesBuildPhase;
			buildActionMask = 2147483647;
			files = (
				84F11EB02133541100410205 /* Task_tracker_Tests.swift in Sources */,
				58603AF7414B47CFC60E1A30 /* TaskTimerUseCaseTest.swift in Sources */,
			);
			runOnlyForDeploymentPostprocessing = 0;
		};
/* End PBXSourcesBuildPhase section */

/* Begin PBXTargetDependency section */
		84F11EB32133541100410205 /* PBXTargetDependency */ = {
			isa = PBXTargetDependency;
			target = 84F11E91212F523600410205 /* Task-tracker */;
			targetProxy = 84F11EB22133541100410205 /* PBXContainerItemProxy */;
		};
/* End PBXTargetDependency section */

/* Begin XCBuildConfiguration section */
		84F11EA4212F523700410205 /* Debug */ = {
			isa = XCBuildConfiguration;
			buildSettings = {
				ALWAYS_SEARCH_USER_PATHS = NO;
				CLANG_ANALYZER_NONNULL = YES;
				CLANG_ANALYZER_NUMBER_OBJECT_CONVERSION = YES_AGGRESSIVE;
				CLANG_CXX_LANGUAGE_STANDARD = "gnu++14";
				CLANG_CXX_LIBRARY = "libc++";
				CLANG_ENABLE_MODULES = YES;
				CLANG_ENABLE_OBJC_ARC = YES;
				CLANG_ENABLE_OBJC_WEAK = YES;
				CLANG_WARN_BLOCK_CAPTURE_AUTORELEASING = YES;
				CLANG_WARN_BOOL_CONVERSION = YES;
				CLANG_WARN_COMMA = YES;
				CLANG_WARN_CONSTANT_CONVERSION = YES;
				CLANG_WARN_DEPRECATED_OBJC_IMPLEMENTATIONS = YES;
				CLANG_WARN_DIRECT_OBJC_ISA_USAGE = YES_ERROR;
				CLANG_WARN_DOCUMENTATION_COMMENTS = YES;
				CLANG_WARN_EMPTY_BODY = YES;
				CLANG_WARN_ENUM_CONVERSION = YES;
				CLANG_WARN_INFINITE_RECURSION = YES;
				CLANG_WARN_INT_CONVERSION = YES;
				CLANG_WARN_NON_LITERAL_NULL_CONVERSION = YES;
				CLANG_WARN_OBJC_IMPLICIT_RETAIN_SELF = YES;
				CLANG_WARN_OBJC_LITERAL_CONVERSION = YES;
				CLANG_WARN_OBJC_ROOT_CLASS = YES_ERROR;
				CLANG_WARN_RANGE_LOOP_ANALYSIS = YES;
				CLANG_WARN_STRICT_PROTOTYPES = YES;
				CLANG_WARN_SUSPICIOUS_MOVE = YES;
				CLANG_WARN_UNGUARDED_AVAILABILITY = YES_AGGRESSIVE;
				CLANG_WARN_UNREACHABLE_CODE = YES;
				CLANG_WARN__DUPLICATE_METHOD_MATCH = YES;
				CODE_SIGN_IDENTITY = "iPhone Developer";
				COPY_PHASE_STRIP = NO;
				DEBUG_INFORMATION_FORMAT = dwarf;
				ENABLE_STRICT_OBJC_MSGSEND = YES;
				ENABLE_TESTABILITY = YES;
				GCC_C_LANGUAGE_STANDARD = gnu11;
				GCC_DYNAMIC_NO_PIC = NO;
				GCC_NO_COMMON_BLOCKS = YES;
				GCC_OPTIMIZATION_LEVEL = 0;
				GCC_PREPROCESSOR_DEFINITIONS = (
					"DEBUG=1",
					"$(inherited)",
				);
				GCC_WARN_64_TO_32_BIT_CONVERSION = YES;
				GCC_WARN_ABOUT_RETURN_TYPE = YES_ERROR;
				GCC_WARN_UNDECLARED_SELECTOR = YES;
				GCC_WARN_UNINITIALIZED_AUTOS = YES_AGGRESSIVE;
				GCC_WARN_UNUSED_FUNCTION = YES;
				GCC_WARN_UNUSED_VARIABLE = YES;
				IPHONEOS_DEPLOYMENT_TARGET = 11.4;
				MTL_ENABLE_DEBUG_INFO = YES;
				ONLY_ACTIVE_ARCH = YES;
				SDKROOT = iphoneos;
				SWIFT_ACTIVE_COMPILATION_CONDITIONS = DEBUG;
				SWIFT_OPTIMIZATION_LEVEL = "-Onone";
			};
			name = Debug;
		};
		84F11EA5212F523700410205 /* Release */ = {
			isa = XCBuildConfiguration;
			buildSettings = {
				ALWAYS_SEARCH_USER_PATHS = NO;
				CLANG_ANALYZER_NONNULL = YES;
				CLANG_ANALYZER_NUMBER_OBJECT_CONVERSION = YES_AGGRESSIVE;
				CLANG_CXX_LANGUAGE_STANDARD = "gnu++14";
				CLANG_CXX_LIBRARY = "libc++";
				CLANG_ENABLE_MODULES = YES;
				CLANG_ENABLE_OBJC_ARC = YES;
				CLANG_ENABLE_OBJC_WEAK = YES;
				CLANG_WARN_BLOCK_CAPTURE_AUTORELEASING = YES;
				CLANG_WARN_BOOL_CONVERSION = YES;
				CLANG_WARN_COMMA = YES;
				CLANG_WARN_CONSTANT_CONVERSION = YES;
				CLANG_WARN_DEPRECATED_OBJC_IMPLEMENTATIONS = YES;
				CLANG_WARN_DIRECT_OBJC_ISA_USAGE = YES_ERROR;
				CLANG_WARN_DOCUMENTATION_COMMENTS = YES;
				CLANG_WARN_EMPTY_BODY = YES;
				CLANG_WARN_ENUM_CONVERSION = YES;
				CLANG_WARN_INFINITE_RECURSION = YES;
				CLANG_WARN_INT_CONVERSION = YES;
				CLANG_WARN_NON_LITERAL_NULL_CONVERSION = YES;
				CLANG_WARN_OBJC_IMPLICIT_RETAIN_SELF = YES;
				CLANG_WARN_OBJC_LITERAL_CONVERSION = YES;
				CLANG_WARN_OBJC_ROOT_CLASS = YES_ERROR;
				CLANG_WARN_RANGE_LOOP_ANALYSIS = YES;
				CLANG_WARN_STRICT_PROTOTYPES = YES;
				CLANG_WARN_SUSPICIOUS_MOVE = YES;
				CLANG_WARN_UNGUARDED_AVAILABILITY = YES_AGGRESSIVE;
				CLANG_WARN_UNREACHABLE_CODE = YES;
				CLANG_WARN__DUPLICATE_METHOD_MATCH = YES;
				CODE_SIGN_IDENTITY = "iPhone Developer";
				COPY_PHASE_STRIP = NO;
				DEBUG_INFORMATION_FORMAT = "dwarf-with-dsym";
				ENABLE_NS_ASSERTIONS = NO;
				ENABLE_STRICT_OBJC_MSGSEND = YES;
				GCC_C_LANGUAGE_STANDARD = gnu11;
				GCC_NO_COMMON_BLOCKS = YES;
				GCC_WARN_64_TO_32_BIT_CONVERSION = YES;
				GCC_WARN_ABOUT_RETURN_TYPE = YES_ERROR;
				GCC_WARN_UNDECLARED_SELECTOR = YES;
				GCC_WARN_UNINITIALIZED_AUTOS = YES_AGGRESSIVE;
				GCC_WARN_UNUSED_FUNCTION = YES;
				GCC_WARN_UNUSED_VARIABLE = YES;
				IPHONEOS_DEPLOYMENT_TARGET = 11.4;
				MTL_ENABLE_DEBUG_INFO = NO;
				SDKROOT = iphoneos;
				SWIFT_COMPILATION_MODE = wholemodule;
				SWIFT_OPTIMIZATION_LEVEL = "-O";
				VALIDATE_PRODUCT = YES;
			};
			name = Release;
		};
		84F11EA7212F523700410205 /* Debug */ = {
			isa = XCBuildConfiguration;
			baseConfigurationReference = 4392E93F1F7132BBB7D6D72C /* Pods-Task-tracker.debug.xcconfig */;
			buildSettings = {
				ASSETCATALOG_COMPILER_APPICON_NAME = AppIcon;
				CODE_SIGN_STYLE = Automatic;
				DEVELOPMENT_TEAM = 8LLDD7HWZK;
				INFOPLIST_FILE = "Task-tracker/Info.plist";
				IPHONEOS_DEPLOYMENT_TARGET = 9.0;
				LD_RUNPATH_SEARCH_PATHS = "$(inherited) @executable_path/Frameworks";
				PRODUCT_BUNDLE_IDENTIFIER = "ru.Slava-Kornienko.Task-tracker";
				PRODUCT_NAME = "$(TARGET_NAME)";
				SWIFT_VERSION = 4.0;
				TARGETED_DEVICE_FAMILY = "1,2";
			};
			name = Debug;
		};
		84F11EA8212F523700410205 /* Release */ = {
			isa = XCBuildConfiguration;
			baseConfigurationReference = B2B5D94BD9C0D22FD0635AFB /* Pods-Task-tracker.release.xcconfig */;
			buildSettings = {
				ASSETCATALOG_COMPILER_APPICON_NAME = AppIcon;
				CODE_SIGN_STYLE = Automatic;
				DEVELOPMENT_TEAM = 8LLDD7HWZK;
				INFOPLIST_FILE = "Task-tracker/Info.plist";
				IPHONEOS_DEPLOYMENT_TARGET = 9.0;
				LD_RUNPATH_SEARCH_PATHS = "$(inherited) @executable_path/Frameworks";
				PRODUCT_BUNDLE_IDENTIFIER = "ru.Slava-Kornienko.Task-tracker";
				PRODUCT_NAME = "$(TARGET_NAME)";
				SWIFT_VERSION = 4.0;
				TARGETED_DEVICE_FAMILY = "1,2";
			};
			name = Release;
		};
		84F11EB42133541100410205 /* Debug */ = {
			isa = XCBuildConfiguration;
			baseConfigurationReference = 68A55291860D2E7F3278BC1E /* Pods-Task-tracker-Task-tracker Tests.debug.xcconfig */;
			buildSettings = {
				BUNDLE_LOADER = "$(TEST_HOST)";
				CODE_SIGN_STYLE = Automatic;
				DEVELOPMENT_TEAM = 8LLDD7HWZK;
				INFOPLIST_FILE = "Task-tracker Tests/Info.plist";
				LD_RUNPATH_SEARCH_PATHS = "$(inherited) @executable_path/Frameworks @loader_path/Frameworks";
				PRODUCT_BUNDLE_IDENTIFIER = "ru.Slava-Kornienko.Task-tracker-Tests";
				PRODUCT_NAME = "$(TARGET_NAME)";
				SWIFT_VERSION = 4.0;
				TARGETED_DEVICE_FAMILY = "1,2";
				TEST_HOST = "$(BUILT_PRODUCTS_DIR)/Task-tracker.app/Task-tracker";
			};
			name = Debug;
		};
		84F11EB52133541100410205 /* Release */ = {
			isa = XCBuildConfiguration;
			baseConfigurationReference = EC9FF22C461EA7C80A495649 /* Pods-Task-tracker-Task-tracker Tests.release.xcconfig */;
			buildSettings = {
				BUNDLE_LOADER = "$(TEST_HOST)";
				CODE_SIGN_STYLE = Automatic;
				DEVELOPMENT_TEAM = 8LLDD7HWZK;
				INFOPLIST_FILE = "Task-tracker Tests/Info.plist";
				LD_RUNPATH_SEARCH_PATHS = "$(inherited) @executable_path/Frameworks @loader_path/Frameworks";
				PRODUCT_BUNDLE_IDENTIFIER = "ru.Slava-Kornienko.Task-tracker-Tests";
				PRODUCT_NAME = "$(TARGET_NAME)";
				SWIFT_VERSION = 4.0;
				TARGETED_DEVICE_FAMILY = "1,2";
				TEST_HOST = "$(BUILT_PRODUCTS_DIR)/Task-tracker.app/Task-tracker";
			};
			name = Release;
		};
/* End XCBuildConfiguration section */

/* Begin XCConfigurationList section */
		84F11E8D212F523600410205 /* Build configuration list for PBXProject "Task-tracker" */ = {
			isa = XCConfigurationList;
			buildConfigurations = (
				84F11EA4212F523700410205 /* Debug */,
				84F11EA5212F523700410205 /* Release */,
			);
			defaultConfigurationIsVisible = 0;
			defaultConfigurationName = Release;
		};
		84F11EA6212F523700410205 /* Build configuration list for PBXNativeTarget "Task-tracker" */ = {
			isa = XCConfigurationList;
			buildConfigurations = (
				84F11EA7212F523700410205 /* Debug */,
				84F11EA8212F523700410205 /* Release */,
			);
			defaultConfigurationIsVisible = 0;
			defaultConfigurationName = Release;
		};
		84F11EB62133541100410205 /* Build configuration list for PBXNativeTarget "Task-tracker Tests" */ = {
			isa = XCConfigurationList;
			buildConfigurations = (
				84F11EB42133541100410205 /* Debug */,
				84F11EB52133541100410205 /* Release */,
			);
			defaultConfigurationIsVisible = 0;
			defaultConfigurationName = Release;
		};
/* End XCConfigurationList section */
	};
	rootObject = 84F11E8A212F523600410205 /* Project object */;
}
