// !$*UTF8*$!
{
	archiveVersion = 1;
	classes = {
	};
	objectVersion = 50;
	objects = {

/* Begin PBXBuildFile section */
		494919AB6811C976BEF08FAA /* Pods_Task_tracker.framework in Frameworks */ = {isa = PBXBuildFile; fileRef = B98E8CE7BB6C153B08D1C03D /* Pods_Task_tracker.framework */; };
		5860357942C90822B1943264 /* Main.storyboard in Resources */ = {isa = PBXBuildFile; fileRef = 586033D7E0F58E9305D59783 /* Main.storyboard */; };
		586035E2A7583962BDDCE3C7 /* SecondViewController.swift in Sources */ = {isa = PBXBuildFile; fileRef = 58603E873CBC8344F1D6C5CE /* SecondViewController.swift */; };
		58603632AC97AC84D98C4D2B /* RootViewController.swift in Sources */ = {isa = PBXBuildFile; fileRef = 586032259D39B027E868CB43 /* RootViewController.swift */; };
		58603653E0DD3C8F576C58C1 /* Assets.xcassets in Resources */ = {isa = PBXBuildFile; fileRef = 586031C1429BB8C1394F5811 /* Assets.xcassets */; };
		586036A81BDFCB3AE1871CCF /* UIColorUtil.swift in Sources */ = {isa = PBXBuildFile; fileRef = 58603DF5B8171B432FDFE70C /* UIColorUtil.swift */; };
		58603BD541E348F971B51E0D /* AppDelegate.swift in Sources */ = {isa = PBXBuildFile; fileRef = 586037F7DC6EA907D3115FA9 /* AppDelegate.swift */; };
		58603C5CC84C85DFD2845581 /* LaunchScreen.storyboard in Resources */ = {isa = PBXBuildFile; fileRef = 58603423EC872890D90DB28D /* LaunchScreen.storyboard */; };
		58603D35A5C3600D393EC188 /* FirstViewController.swift in Sources */ = {isa = PBXBuildFile; fileRef = 58603559F92AEC4B6B5AC9D3 /* FirstViewController.swift */; };
/* End PBXBuildFile section */

/* Begin PBXFileReference section */
		4392E93F1F7132BBB7D6D72C /* Pods-Task-tracker.debug.xcconfig */ = {isa = PBXFileReference; includeInIndex = 1; lastKnownFileType = text.xcconfig; name = "Pods-Task-tracker.debug.xcconfig"; path = "Pods/Target Support Files/Pods-Task-tracker/Pods-Task-tracker.debug.xcconfig"; sourceTree = "<group>"; };
		586031C1429BB8C1394F5811 /* Assets.xcassets */ = {isa = PBXFileReference; lastKnownFileType = folder.assetcatalog; path = Assets.xcassets; sourceTree = "<group>"; };
		586032259D39B027E868CB43 /* RootViewController.swift */ = {isa = PBXFileReference; fileEncoding = 4; lastKnownFileType = sourcecode.swift; path = RootViewController.swift; sourceTree = "<group>"; };
		58603236B0D84B502F9A9146 /* Info.plist */ = {isa = PBXFileReference; fileEncoding = 4; lastKnownFileType = text.plist.xml; path = Info.plist; sourceTree = "<group>"; };
		586033D7E0F58E9305D59783 /* Main.storyboard */ = {isa = PBXFileReference; lastKnownFileType = file.storyboard; path = Main.storyboard; sourceTree = "<group>"; };
		58603423EC872890D90DB28D /* LaunchScreen.storyboard */ = {isa = PBXFileReference; lastKnownFileType = file.storyboard; path = LaunchScreen.storyboard; sourceTree = "<group>"; };
		58603559F92AEC4B6B5AC9D3 /* FirstViewController.swift */ = {isa = PBXFileReference; fileEncoding = 4; lastKnownFileType = sourcecode.swift; path = FirstViewController.swift; sourceTree = "<group>"; };
		586037F7DC6EA907D3115FA9 /* AppDelegate.swift */ = {isa = PBXFileReference; fileEncoding = 4; lastKnownFileType = sourcecode.swift; path = AppDelegate.swift; sourceTree = "<group>"; };
		58603DF5B8171B432FDFE70C /* UIColorUtil.swift */ = {isa = PBXFileReference; fileEncoding = 4; lastKnownFileType = sourcecode.swift; path = UIColorUtil.swift; sourceTree = "<group>"; };
		58603E873CBC8344F1D6C5CE /* SecondViewController.swift */ = {isa = PBXFileReference; fileEncoding = 4; lastKnownFileType = sourcecode.swift; path = SecondViewController.swift; sourceTree = "<group>"; };
		84F11E92212F523600410205 /* Task-tracker.app */ = {isa = PBXFileReference; explicitFileType = wrapper.application; includeInIndex = 0; path = "Task-tracker.app"; sourceTree = BUILT_PRODUCTS_DIR; };
		B2B5D94BD9C0D22FD0635AFB /* Pods-Task-tracker.release.xcconfig */ = {isa = PBXFileReference; includeInIndex = 1; lastKnownFileType = text.xcconfig; name = "Pods-Task-tracker.release.xcconfig"; path = "Pods/Target Support Files/Pods-Task-tracker/Pods-Task-tracker.release.xcconfig"; sourceTree = "<group>"; };
		B98E8CE7BB6C153B08D1C03D /* Pods_Task_tracker.framework */ = {isa = PBXFileReference; explicitFileType = wrapper.framework; includeInIndex = 0; path = Pods_Task_tracker.framework; sourceTree = BUILT_PRODUCTS_DIR; };
/* End PBXFileReference section */

/* Begin PBXFrameworksBuildPhase section */
		84F11E8F212F523600410205 /* Frameworks */ = {
			isa = PBXFrameworksBuildPhase;
			buildActionMask = 2147483647;
			files = (
				494919AB6811C976BEF08FAA /* Pods_Task_tracker.framework in Frameworks */,
			);
			runOnlyForDeploymentPostprocessing = 0;
		};
/* End PBXFrameworksBuildPhase section */

/* Begin PBXGroup section */
		5860301EC68FD6C9161C7899 /* UseCase */ = {
			isa = PBXGroup;
			children = (
			);
			path = UseCase;
			sourceTree = "<group>";
		};
		58603083509AD0B651207399 /* Src */ = {
			isa = PBXGroup;
			children = (
				586033FD90374F68D62B559F /* Core */,
				58603EF13C2E8EAA603362E9 /* Gateway */,
				58603D94BAAD82A9F8FC1EF4 /* App */,
				586037F7DC6EA907D3115FA9 /* AppDelegate.swift */,
			);
			path = Src;
			sourceTree = "<group>";
		};
		586030B2A3E4964BFD36697F /* Gateway */ = {
			isa = PBXGroup;
			children = (
			);
			path = Gateway;
			sourceTree = "<group>";
		};
		5860339C0F88E166CE82938B /* Scene */ = {
			isa = PBXGroup;
			children = (
				586038ACD2F0C740F2C065FB /* Root */,
				5860370337D4E21BB4534CD2 /* ActiveTasks */,
				58603C33EE3BB41C036AD9E3 /* SecondTab */,
				58603EAEAE48EE622F97F3F8 /* Util */,
			);
			path = Scene;
			sourceTree = "<group>";
		};
		586033FD90374F68D62B559F /* Core */ = {
			isa = PBXGroup;
			children = (
				586037F0913266E396EB1AE5 /* Entity */,
				586030B2A3E4964BFD36697F /* Gateway */,
				5860301EC68FD6C9161C7899 /* UseCase */,
			);
			path = Core;
			sourceTree = "<group>";
		};
		5860370337D4E21BB4534CD2 /* ActiveTasks */ = {
			isa = PBXGroup;
			children = (
				58603559F92AEC4B6B5AC9D3 /* FirstViewController.swift */,
			);
			path = ActiveTasks;
			sourceTree = "<group>";
		};
		586037F0913266E396EB1AE5 /* Entity */ = {
			isa = PBXGroup;
			children = (
			);
			path = Entity;
			sourceTree = "<group>";
		};
		586038ACD2F0C740F2C065FB /* Root */ = {
			isa = PBXGroup;
			children = (
				586032259D39B027E868CB43 /* RootViewController.swift */,
			);
			path = Root;
			sourceTree = "<group>";
		};
		586039000FAC6682DDA9D417 /* Resources */ = {
			isa = PBXGroup;
			children = (
				586031C1429BB8C1394F5811 /* Assets.xcassets */,
				58603423EC872890D90DB28D /* LaunchScreen.storyboard */,
				586033D7E0F58E9305D59783 /* Main.storyboard */,
			);
			path = Resources;
			sourceTree = "<group>";
		};
		58603C33EE3BB41C036AD9E3 /* SecondTab */ = {
			isa = PBXGroup;
			children = (
				58603E873CBC8344F1D6C5CE /* SecondViewController.swift */,
			);
			path = SecondTab;
			sourceTree = "<group>";
		};
		58603D94BAAD82A9F8FC1EF4 /* App */ = {
			isa = PBXGroup;
			children = (
				5860339C0F88E166CE82938B /* Scene */,
			);
			path = App;
			sourceTree = "<group>";
		};
		58603EAEAE48EE622F97F3F8 /* Util */ = {
			isa = PBXGroup;
			children = (
				58603DF5B8171B432FDFE70C /* UIColorUtil.swift */,
			);
			path = Util;
			sourceTree = "<group>";
		};
		58603EF13C2E8EAA603362E9 /* Gateway */ = {
			isa = PBXGroup;
			children = (
			);
			path = Gateway;
			sourceTree = "<group>";
		};
		84F11E89212F523600410205 = {
			isa = PBXGroup;
			children = (
				84F11E94212F523600410205 /* Task-tracker */,
				84F11E93212F523600410205 /* Products */,
				E74ADCC8E56872E6AAA15611 /* Pods */,
				F78BD9DCA8D97B07D843AA0B /* Frameworks */,
			);
			sourceTree = "<group>";
		};
		84F11E93212F523600410205 /* Products */ = {
			isa = PBXGroup;
			children = (
				84F11E92212F523600410205 /* Task-tracker.app */,
			);
			name = Products;
			sourceTree = "<group>";
		};
		84F11E94212F523600410205 /* Task-tracker */ = {
			isa = PBXGroup;
			children = (
				58603236B0D84B502F9A9146 /* Info.plist */,
				58603083509AD0B651207399 /* Src */,
				586039000FAC6682DDA9D417 /* Resources */,
			);
			path = "Task-tracker";
			sourceTree = "<group>";
		};
		E74ADCC8E56872E6AAA15611 /* Pods */ = {
			isa = PBXGroup;
			children = (
				4392E93F1F7132BBB7D6D72C /* Pods-Task-tracker.debug.xcconfig */,
				B2B5D94BD9C0D22FD0635AFB /* Pods-Task-tracker.release.xcconfig */,
			);
			name = Pods;
			sourceTree = "<group>";
		};
		F78BD9DCA8D97B07D843AA0B /* Frameworks */ = {
			isa = PBXGroup;
			children = (
				B98E8CE7BB6C153B08D1C03D /* Pods_Task_tracker.framework */,
			);
			name = Frameworks;
			sourceTree = "<group>";
		};
/* End PBXGroup section */

/* Begin PBXNativeTarget section */
		84F11E91212F523600410205 /* Task-tracker */ = {
			isa = PBXNativeTarget;
			buildConfigurationList = 84F11EA6212F523700410205 /* Build configuration list for PBXNativeTarget "Task-tracker" */;
			buildPhases = (
				5AE21B5252DA2D002EECDCB8 /* [CP] Check Pods Manifest.lock */,
				84F11E8E212F523600410205 /* Sources */,
				84F11E8F212F523600410205 /* Frameworks */,
				84F11E90212F523600410205 /* Resources */,
				9FA2751E1BDD80412EE1DB51 /* [CP] Embed Pods Frameworks */,
			);
			buildRules = (
			);
			dependencies = (
			);
			name = "Task-tracker";
			productName = "Task-tracker";
			productReference = 84F11E92212F523600410205 /* Task-tracker.app */;
			productType = "com.apple.product-type.application";
		};
/* End PBXNativeTarget section */

/* Begin PBXProject section */
		84F11E8A212F523600410205 /* Project object */ = {
			isa = PBXProject;
			attributes = {
				LastSwiftUpdateCheck = 0940;
				LastUpgradeCheck = 0940;
				ORGANIZATIONNAME = "Slava Kornienko";
				TargetAttributes = {
					84F11E91212F523600410205 = {
						CreatedOnToolsVersion = 9.4.1;
					};
				};
			};
			buildConfigurationList = 84F11E8D212F523600410205 /* Build configuration list for PBXProject "Task-tracker" */;
			compatibilityVersion = "Xcode 9.3";
			developmentRegion = en;
			hasScannedForEncodings = 0;
			knownRegions = (
				en,
				Base,
			);
			mainGroup = 84F11E89212F523600410205;
			productRefGroup = 84F11E93212F523600410205 /* Products */;
			projectDirPath = "";
			projectRoot = "";
			targets = (
				84F11E91212F523600410205 /* Task-tracker */,
			);
		};
/* End PBXProject section */

/* Begin PBXResourcesBuildPhase section */
		84F11E90212F523600410205 /* Resources */ = {
			isa = PBXResourcesBuildPhase;
			buildActionMask = 2147483647;
			files = (
				58603653E0DD3C8F576C58C1 /* Assets.xcassets in Resources */,
				58603C5CC84C85DFD2845581 /* LaunchScreen.storyboard in Resources */,
				5860357942C90822B1943264 /* Main.storyboard in Resources */,
			);
			runOnlyForDeploymentPostprocessing = 0;
		};
/* End PBXResourcesBuildPhase section */

/* Begin PBXShellScriptBuildPhase section */
		5AE21B5252DA2D002EECDCB8 /* [CP] Check Pods Manifest.lock */ = {
			isa = PBXShellScriptBuildPhase;
			buildActionMask = 2147483647;
			files = (
			);
			inputPaths = (
				"${PODS_PODFILE_DIR_PATH}/Podfile.lock",
				"${PODS_ROOT}/Manifest.lock",
			);
			name = "[CP] Check Pods Manifest.lock";
			outputPaths = (
				"$(DERIVED_FILE_DIR)/Pods-Task-tracker-checkManifestLockResult.txt",
			);
			runOnlyForDeploymentPostprocessing = 0;
			shellPath = /bin/sh;
			shellScript = "diff \"${PODS_PODFILE_DIR_PATH}/Podfile.lock\" \"${PODS_ROOT}/Manifest.lock\" > /dev/null\nif [ $? != 0 ] ; then\n    # print error to STDERR\n    echo \"error: The sandbox is not in sync with the Podfile.lock. Run 'pod install' or update your CocoaPods installation.\" >&2\n    exit 1\nfi\n# This output is used by Xcode 'outputs' to avoid re-running this script phase.\necho \"SUCCESS\" > \"${SCRIPT_OUTPUT_FILE_0}\"\n";
			showEnvVarsInLog = 0;
		};
		9FA2751E1BDD80412EE1DB51 /* [CP] Embed Pods Frameworks */ = {
			isa = PBXShellScriptBuildPhase;
			buildActionMask = 2147483647;
			files = (
			);
			inputPaths = (
				"${SRCROOT}/Pods/Target Support Files/Pods-Task-tracker/Pods-Task-tracker-frameworks.sh",
				"${BUILT_PRODUCTS_DIR}/IQKeyboardManager/IQKeyboardManager.framework",
				"${BUILT_PRODUCTS_DIR}/Realm/Realm.framework",
				"${BUILT_PRODUCTS_DIR}/RealmSwift/RealmSwift.framework",
				"${BUILT_PRODUCTS_DIR}/RxSwift/RxSwift.framework",
			);
			name = "[CP] Embed Pods Frameworks";
			outputPaths = (
				"${TARGET_BUILD_DIR}/${FRAMEWORKS_FOLDER_PATH}/IQKeyboardManager.framework",
				"${TARGET_BUILD_DIR}/${FRAMEWORKS_FOLDER_PATH}/Realm.framework",
				"${TARGET_BUILD_DIR}/${FRAMEWORKS_FOLDER_PATH}/RealmSwift.framework",
				"${TARGET_BUILD_DIR}/${FRAMEWORKS_FOLDER_PATH}/RxSwift.framework",
			);
			runOnlyForDeploymentPostprocessing = 0;
			shellPath = /bin/sh;
			shellScript = "\"${SRCROOT}/Pods/Target Support Files/Pods-Task-tracker/Pods-Task-tracker-frameworks.sh\"\n";
			showEnvVarsInLog = 0;
		};
/* End PBXShellScriptBuildPhase section */

/* Begin PBXSourcesBuildPhase section */
		84F11E8E212F523600410205 /* Sources */ = {
			isa = PBXSourcesBuildPhase;
			buildActionMask = 2147483647;
			files = (
				58603BD541E348F971B51E0D /* AppDelegate.swift in Sources */,
				58603632AC97AC84D98C4D2B /* RootViewController.swift in Sources */,
				58603D35A5C3600D393EC188 /* FirstViewController.swift in Sources */,
				586035E2A7583962BDDCE3C7 /* SecondViewController.swift in Sources */,
				586036A81BDFCB3AE1871CCF /* UIColorUtil.swift in Sources */,
			);
			runOnlyForDeploymentPostprocessing = 0;
		};
/* End PBXSourcesBuildPhase section */

/* Begin XCBuildConfiguration section */
		84F11EA4212F523700410205 /* Debug */ = {
			isa = XCBuildConfiguration;
			buildSettings = {
				ALWAYS_SEARCH_USER_PATHS = NO;
				CLANG_ANALYZER_NONNULL = YES;
				CLANG_ANALYZER_NUMBER_OBJECT_CONVERSION = YES_AGGRESSIVE;
				CLANG_CXX_LANGUAGE_STANDARD = "gnu++14";
				CLANG_CXX_LIBRARY = "libc++";
				CLANG_ENABLE_MODULES = YES;
				CLANG_ENABLE_OBJC_ARC = YES;
				CLANG_ENABLE_OBJC_WEAK = YES;
				CLANG_WARN_BLOCK_CAPTURE_AUTORELEASING = YES;
				CLANG_WARN_BOOL_CONVERSION = YES;
				CLANG_WARN_COMMA = YES;
				CLANG_WARN_CONSTANT_CONVERSION = YES;
				CLANG_WARN_DEPRECATED_OBJC_IMPLEMENTATIONS = YES;
				CLANG_WARN_DIRECT_OBJC_ISA_USAGE = YES_ERROR;
				CLANG_WARN_DOCUMENTATION_COMMENTS = YES;
				CLANG_WARN_EMPTY_BODY = YES;
				CLANG_WARN_ENUM_CONVERSION = YES;
				CLANG_WARN_INFINITE_RECURSION = YES;
				CLANG_WARN_INT_CONVERSION = YES;
				CLANG_WARN_NON_LITERAL_NULL_CONVERSION = YES;
				CLANG_WARN_OBJC_IMPLICIT_RETAIN_SELF = YES;
				CLANG_WARN_OBJC_LITERAL_CONVERSION = YES;
				CLANG_WARN_OBJC_ROOT_CLASS = YES_ERROR;
				CLANG_WARN_RANGE_LOOP_ANALYSIS = YES;
				CLANG_WARN_STRICT_PROTOTYPES = YES;
				CLANG_WARN_SUSPICIOUS_MOVE = YES;
				CLANG_WARN_UNGUARDED_AVAILABILITY = YES_AGGRESSIVE;
				CLANG_WARN_UNREACHABLE_CODE = YES;
				CLANG_WARN__DUPLICATE_METHOD_MATCH = YES;
				CODE_SIGN_IDENTITY = "iPhone Developer";
				COPY_PHASE_STRIP = NO;
				DEBUG_INFORMATION_FORMAT = dwarf;
				ENABLE_STRICT_OBJC_MSGSEND = YES;
				ENABLE_TESTABILITY = YES;
				GCC_C_LANGUAGE_STANDARD = gnu11;
				GCC_DYNAMIC_NO_PIC = NO;
				GCC_NO_COMMON_BLOCKS = YES;
				GCC_OPTIMIZATION_LEVEL = 0;
				GCC_PREPROCESSOR_DEFINITIONS = (
					"DEBUG=1",
					"$(inherited)",
				);
				GCC_WARN_64_TO_32_BIT_CONVERSION = YES;
				GCC_WARN_ABOUT_RETURN_TYPE = YES_ERROR;
				GCC_WARN_UNDECLARED_SELECTOR = YES;
				GCC_WARN_UNINITIALIZED_AUTOS = YES_AGGRESSIVE;
				GCC_WARN_UNUSED_FUNCTION = YES;
				GCC_WARN_UNUSED_VARIABLE = YES;
				IPHONEOS_DEPLOYMENT_TARGET = 11.4;
				MTL_ENABLE_DEBUG_INFO = YES;
				ONLY_ACTIVE_ARCH = YES;
				SDKROOT = iphoneos;
				SWIFT_ACTIVE_COMPILATION_CONDITIONS = DEBUG;
				SWIFT_OPTIMIZATION_LEVEL = "-Onone";
			};
			name = Debug;
		};
		84F11EA5212F523700410205 /* Release */ = {
			isa = XCBuildConfiguration;
			buildSettings = {
				ALWAYS_SEARCH_USER_PATHS = NO;
				CLANG_ANALYZER_NONNULL = YES;
				CLANG_ANALYZER_NUMBER_OBJECT_CONVERSION = YES_AGGRESSIVE;
				CLANG_CXX_LANGUAGE_STANDARD = "gnu++14";
				CLANG_CXX_LIBRARY = "libc++";
				CLANG_ENABLE_MODULES = YES;
				CLANG_ENABLE_OBJC_ARC = YES;
				CLANG_ENABLE_OBJC_WEAK = YES;
				CLANG_WARN_BLOCK_CAPTURE_AUTORELEASING = YES;
				CLANG_WARN_BOOL_CONVERSION = YES;
				CLANG_WARN_COMMA = YES;
				CLANG_WARN_CONSTANT_CONVERSION = YES;
				CLANG_WARN_DEPRECATED_OBJC_IMPLEMENTATIONS = YES;
				CLANG_WARN_DIRECT_OBJC_ISA_USAGE = YES_ERROR;
				CLANG_WARN_DOCUMENTATION_COMMENTS = YES;
				CLANG_WARN_EMPTY_BODY = YES;
				CLANG_WARN_ENUM_CONVERSION = YES;
				CLANG_WARN_INFINITE_RECURSION = YES;
				CLANG_WARN_INT_CONVERSION = YES;
				CLANG_WARN_NON_LITERAL_NULL_CONVERSION = YES;
				CLANG_WARN_OBJC_IMPLICIT_RETAIN_SELF = YES;
				CLANG_WARN_OBJC_LITERAL_CONVERSION = YES;
				CLANG_WARN_OBJC_ROOT_CLASS = YES_ERROR;
				CLANG_WARN_RANGE_LOOP_ANALYSIS = YES;
				CLANG_WARN_STRICT_PROTOTYPES = YES;
				CLANG_WARN_SUSPICIOUS_MOVE = YES;
				CLANG_WARN_UNGUARDED_AVAILABILITY = YES_AGGRESSIVE;
				CLANG_WARN_UNREACHABLE_CODE = YES;
				CLANG_WARN__DUPLICATE_METHOD_MATCH = YES;
				CODE_SIGN_IDENTITY = "iPhone Developer";
				COPY_PHASE_STRIP = NO;
				DEBUG_INFORMATION_FORMAT = "dwarf-with-dsym";
				ENABLE_NS_ASSERTIONS = NO;
				ENABLE_STRICT_OBJC_MSGSEND = YES;
				GCC_C_LANGUAGE_STANDARD = gnu11;
				GCC_NO_COMMON_BLOCKS = YES;
				GCC_WARN_64_TO_32_BIT_CONVERSION = YES;
				GCC_WARN_ABOUT_RETURN_TYPE = YES_ERROR;
				GCC_WARN_UNDECLARED_SELECTOR = YES;
				GCC_WARN_UNINITIALIZED_AUTOS = YES_AGGRESSIVE;
				GCC_WARN_UNUSED_FUNCTION = YES;
				GCC_WARN_UNUSED_VARIABLE = YES;
				IPHONEOS_DEPLOYMENT_TARGET = 11.4;
				MTL_ENABLE_DEBUG_INFO = NO;
				SDKROOT = iphoneos;
				SWIFT_COMPILATION_MODE = wholemodule;
				SWIFT_OPTIMIZATION_LEVEL = "-O";
				VALIDATE_PRODUCT = YES;
			};
			name = Release;
		};
		84F11EA7212F523700410205 /* Debug */ = {
			isa = XCBuildConfiguration;
			baseConfigurationReference = 4392E93F1F7132BBB7D6D72C /* Pods-Task-tracker.debug.xcconfig */;
			buildSettings = {
				ASSETCATALOG_COMPILER_APPICON_NAME = AppIcon;
				CODE_SIGN_STYLE = Automatic;
				DEVELOPMENT_TEAM = 8LLDD7HWZK;
				INFOPLIST_FILE = "Task-tracker/Info.plist";
				IPHONEOS_DEPLOYMENT_TARGET = 9.0;
				LD_RUNPATH_SEARCH_PATHS = (
					"$(inherited)",
					"@executable_path/Frameworks",
				);
				PRODUCT_BUNDLE_IDENTIFIER = "ru.Slava-Kornienko.Task-tracker";
				PRODUCT_NAME = "$(TARGET_NAME)";
				SWIFT_VERSION = 4.0;
				TARGETED_DEVICE_FAMILY = "1,2";
			};
			name = Debug;
		};
		84F11EA8212F523700410205 /* Release */ = {
			isa = XCBuildConfiguration;
			baseConfigurationReference = B2B5D94BD9C0D22FD0635AFB /* Pods-Task-tracker.release.xcconfig */;
			buildSettings = {
				ASSETCATALOG_COMPILER_APPICON_NAME = AppIcon;
				CODE_SIGN_STYLE = Automatic;
				DEVELOPMENT_TEAM = 8LLDD7HWZK;
				INFOPLIST_FILE = "Task-tracker/Info.plist";
				IPHONEOS_DEPLOYMENT_TARGET = 9.0;
				LD_RUNPATH_SEARCH_PATHS = (
					"$(inherited)",
					"@executable_path/Frameworks",
				);
				PRODUCT_BUNDLE_IDENTIFIER = "ru.Slava-Kornienko.Task-tracker";
				PRODUCT_NAME = "$(TARGET_NAME)";
				SWIFT_VERSION = 4.0;
				TARGETED_DEVICE_FAMILY = "1,2";
			};
			name = Release;
		};
/* End XCBuildConfiguration section */

/* Begin XCConfigurationList section */
		84F11E8D212F523600410205 /* Build configuration list for PBXProject "Task-tracker" */ = {
			isa = XCConfigurationList;
			buildConfigurations = (
				84F11EA4212F523700410205 /* Debug */,
				84F11EA5212F523700410205 /* Release */,
			);
			defaultConfigurationIsVisible = 0;
			defaultConfigurationName = Release;
		};
		84F11EA6212F523700410205 /* Build configuration list for PBXNativeTarget "Task-tracker" */ = {
			isa = XCConfigurationList;
			buildConfigurations = (
				84F11EA7212F523700410205 /* Debug */,
				84F11EA8212F523700410205 /* Release */,
			);
			defaultConfigurationIsVisible = 0;
			defaultConfigurationName = Release;
		};
/* End XCConfigurationList section */
	};
	rootObject = 84F11E8A212F523600410205 /* Project object */;
}
